// !$*UTF8*$!
{
	archiveVersion = 1;
	classes = {
	};
	objectVersion = 46;
	objects = {

/* Begin PBXBuildFile section */
		E414EF121EFED24C00320C68 /* SteamRemoteStorage.cpp in Sources */ = {isa = PBXBuildFile; fileRef = E414EF111EFED24C00320C68 /* SteamRemoteStorage.cpp */; };
		E414EF141EFED25E00320C68 /* SteamRemoteStorage.h in Headers */ = {isa = PBXBuildFile; fileRef = E414EF131EFED25E00320C68 /* SteamRemoteStorage.h */; };
		E414EF161EFEF61700320C68 /* SteamCallback.h in Headers */ = {isa = PBXBuildFile; fileRef = E414EF151EFEF61700320C68 /* SteamCallback.h */; };
		E414EF181EFEF62C00320C68 /* SteamCallback.cpp in Sources */ = {isa = PBXBuildFile; fileRef = E414EF171EFEF62C00320C68 /* SteamCallback.cpp */; };
		E414EF1F1F00266F00320C68 /* SteamNetworking.h in Headers */ = {isa = PBXBuildFile; fileRef = E414EF1E1F00266F00320C68 /* SteamNetworking.h */; };
		E414EF211F00268000320C68 /* SteamNetworking.cpp in Sources */ = {isa = PBXBuildFile; fileRef = E414EF201F00268000320C68 /* SteamNetworking.cpp */; };
		E414EF251F002ECB00320C68 /* SteamFriends.cpp in Sources */ = {isa = PBXBuildFile; fileRef = E414EF241F002ECB00320C68 /* SteamFriends.cpp */; };
		E414EF271F002EDE00320C68 /* SteamFriends.h in Headers */ = {isa = PBXBuildFile; fileRef = E414EF261F002EDE00320C68 /* SteamFriends.h */; };
		E414EF2B1F003F6300320C68 /* SteamMatchmaking.cpp in Sources */ = {isa = PBXBuildFile; fileRef = E414EF2A1F003F6300320C68 /* SteamMatchmaking.cpp */; };
		E414EF2D1F003F7400320C68 /* SteamMatchmaking.h in Headers */ = {isa = PBXBuildFile; fileRef = E414EF2C1F003F7400320C68 /* SteamMatchmaking.h */; };
		E414EF2F1F02C04D00320C68 /* SteamGameServer.cpp in Sources */ = {isa = PBXBuildFile; fileRef = E414EF2E1F02C04D00320C68 /* SteamGameServer.cpp */; };
		E414EF311F02C06000320C68 /* SteamGameServer.h in Headers */ = {isa = PBXBuildFile; fileRef = E414EF301F02C06000320C68 /* SteamGameServer.h */; };
		E414EF341F0302B800320C68 /* rd_route.c in Sources */ = {isa = PBXBuildFile; fileRef = E414EF331F0302B800320C68 /* rd_route.c */; };
		E414EF361F0302D900320C68 /* rd_route.h in Headers */ = {isa = PBXBuildFile; fileRef = E414EF351F0302D900320C68 /* rd_route.h */; };
		E414EF381F03031200320C68 /* MW2Main.cpp in Sources */ = {isa = PBXBuildFile; fileRef = E414EF371F03031200320C68 /* MW2Main.cpp */; };
		E414EF3A1F030FD700320C68 /* Utils.cpp in Sources */ = {isa = PBXBuildFile; fileRef = E414EF391F030FD700320C68 /* Utils.cpp */; };
		E414EF3C1F030FE500320C68 /* Utils.h in Headers */ = {isa = PBXBuildFile; fileRef = E414EF3B1F030FE500320C68 /* Utils.h */; };
		E41751F81EDE2752004448F5 /* steam_api.cpp in Sources */ = {isa = PBXBuildFile; fileRef = E41751F71EDE2752004448F5 /* steam_api.cpp */; };
		E472F2F11EFCBF2F00AE6E42 /* SteamUser.h in Headers */ = {isa = PBXBuildFile; fileRef = E472F2F01EFCBF2F00AE6E42 /* SteamUser.h */; };
		E472F2F31EFCD26D00AE6E42 /* SteamUtils.cpp in Sources */ = {isa = PBXBuildFile; fileRef = E472F2F21EFCD26D00AE6E42 /* SteamUtils.cpp */; };
		E472F2F51EFCD27C00AE6E42 /* SteamUtils.h in Headers */ = {isa = PBXBuildFile; fileRef = E472F2F41EFCD27C00AE6E42 /* SteamUtils.h */; };
		E472F2FB1EFD6AFC00AE6E42 /* SteamApps.h in Headers */ = {isa = PBXBuildFile; fileRef = E472F2FA1EFD6AFC00AE6E42 /* SteamApps.h */; };
		E472F2FD1EFD6B0F00AE6E42 /* SteamApps.cpp in Sources */ = {isa = PBXBuildFile; fileRef = E472F2FC1EFD6B0F00AE6E42 /* SteamApps.cpp */; };
		E4FB698D1EFC5CB2006CE588 /* MainInc.h in Headers */ = {isa = PBXBuildFile; fileRef = E4FB698A1EFC5986006CE588 /* MainInc.h */; };
		E4FB69961EFC5E19006CE588 /* SteamUser.cpp in Sources */ = {isa = PBXBuildFile; fileRef = E4FB69941EFC5E19006CE588 /* SteamUser.cpp */; };
/* End PBXBuildFile section */

/* Begin PBXFileReference section */
		E414EF111EFED24C00320C68 /* SteamRemoteStorage.cpp */ = {isa = PBXFileReference; lastKnownFileType = sourcecode.cpp.cpp; path = SteamRemoteStorage.cpp; sourceTree = "<group>"; };
		E414EF131EFED25E00320C68 /* SteamRemoteStorage.h */ = {isa = PBXFileReference; lastKnownFileType = sourcecode.c.h; path = SteamRemoteStorage.h; sourceTree = "<group>"; };
		E414EF151EFEF61700320C68 /* SteamCallback.h */ = {isa = PBXFileReference; lastKnownFileType = sourcecode.c.h; path = SteamCallback.h; sourceTree = "<group>"; };
		E414EF171EFEF62C00320C68 /* SteamCallback.cpp */ = {isa = PBXFileReference; lastKnownFileType = sourcecode.cpp.cpp; path = SteamCallback.cpp; sourceTree = "<group>"; };
		E414EF1B1F00243500320C68 /* SteamAPIInterfaces */ = {isa = PBXFileReference; lastKnownFileType = text; path = SteamAPIInterfaces; sourceTree = "<group>"; };
		E414EF1E1F00266F00320C68 /* SteamNetworking.h */ = {isa = PBXFileReference; lastKnownFileType = sourcecode.c.h; path = SteamNetworking.h; sourceTree = "<group>"; };
		E414EF201F00268000320C68 /* SteamNetworking.cpp */ = {isa = PBXFileReference; lastKnownFileType = sourcecode.cpp.cpp; path = SteamNetworking.cpp; sourceTree = "<group>"; };
		E414EF241F002ECB00320C68 /* SteamFriends.cpp */ = {isa = PBXFileReference; lastKnownFileType = sourcecode.cpp.cpp; path = SteamFriends.cpp; sourceTree = "<group>"; };
		E414EF261F002EDE00320C68 /* SteamFriends.h */ = {isa = PBXFileReference; lastKnownFileType = sourcecode.c.h; path = SteamFriends.h; sourceTree = "<group>"; };
		E414EF2A1F003F6300320C68 /* SteamMatchmaking.cpp */ = {isa = PBXFileReference; lastKnownFileType = sourcecode.cpp.cpp; path = SteamMatchmaking.cpp; sourceTree = "<group>"; };
		E414EF2C1F003F7400320C68 /* SteamMatchmaking.h */ = {isa = PBXFileReference; lastKnownFileType = sourcecode.c.h; path = SteamMatchmaking.h; sourceTree = "<group>"; };
		E414EF2E1F02C04D00320C68 /* SteamGameServer.cpp */ = {isa = PBXFileReference; lastKnownFileType = sourcecode.cpp.cpp; path = SteamGameServer.cpp; sourceTree = "<group>"; };
		E414EF301F02C06000320C68 /* SteamGameServer.h */ = {isa = PBXFileReference; lastKnownFileType = sourcecode.c.h; path = SteamGameServer.h; sourceTree = "<group>"; };
		E414EF331F0302B800320C68 /* rd_route.c */ = {isa = PBXFileReference; lastKnownFileType = sourcecode.c.c; path = rd_route.c; sourceTree = "<group>"; };
		E414EF351F0302D900320C68 /* rd_route.h */ = {isa = PBXFileReference; lastKnownFileType = sourcecode.c.h; path = rd_route.h; sourceTree = "<group>"; };
		E414EF371F03031200320C68 /* MW2Main.cpp */ = {isa = PBXFileReference; lastKnownFileType = sourcecode.cpp.cpp; path = MW2Main.cpp; sourceTree = "<group>"; };
		E414EF391F030FD700320C68 /* Utils.cpp */ = {isa = PBXFileReference; lastKnownFileType = sourcecode.cpp.cpp; path = Utils.cpp; sourceTree = "<group>"; };
		E414EF3B1F030FE500320C68 /* Utils.h */ = {isa = PBXFileReference; lastKnownFileType = sourcecode.c.h; path = Utils.h; sourceTree = "<group>"; };
		E41751F01EDE2752004448F5 /* libsteam_api.dylib */ = {isa = PBXFileReference; explicitFileType = "compiled.mach-o.dylib"; includeInIndex = 0; path = libsteam_api.dylib; sourceTree = BUILT_PRODUCTS_DIR; };
		E41751F71EDE2752004448F5 /* steam_api.cpp */ = {isa = PBXFileReference; lastKnownFileType = sourcecode.cpp.cpp; path = steam_api.cpp; sourceTree = "<group>"; };
		E472F2F01EFCBF2F00AE6E42 /* SteamUser.h */ = {isa = PBXFileReference; lastKnownFileType = sourcecode.c.h; path = SteamUser.h; sourceTree = "<group>"; };
		E472F2F21EFCD26D00AE6E42 /* SteamUtils.cpp */ = {isa = PBXFileReference; lastKnownFileType = sourcecode.cpp.cpp; path = SteamUtils.cpp; sourceTree = "<group>"; };
		E472F2F41EFCD27C00AE6E42 /* SteamUtils.h */ = {isa = PBXFileReference; lastKnownFileType = sourcecode.c.h; path = SteamUtils.h; sourceTree = "<group>"; };
		E472F2FA1EFD6AFC00AE6E42 /* SteamApps.h */ = {isa = PBXFileReference; lastKnownFileType = sourcecode.c.h; path = SteamApps.h; sourceTree = "<group>"; };
		E472F2FC1EFD6B0F00AE6E42 /* SteamApps.cpp */ = {isa = PBXFileReference; lastKnownFileType = sourcecode.cpp.cpp; path = SteamApps.cpp; sourceTree = "<group>"; };
		E4DA9D6C1F2CF5E3002C61A8 /* CSteamID.h */ = {isa = PBXFileReference; lastKnownFileType = sourcecode.c.h; path = CSteamID.h; sourceTree = "<group>"; };
		E4DA9D6D1F2CF5E3002C61A8 /* ISteamUserStats005.h */ = {isa = PBXFileReference; lastKnownFileType = sourcecode.c.h; path = ISteamUserStats005.h; sourceTree = "<group>"; };
		E4DA9D6E1F2CF5E3002C61A8 /* ISteamContentServer002.h */ = {isa = PBXFileReference; lastKnownFileType = sourcecode.c.h; path = ISteamContentServer002.h; sourceTree = "<group>"; };
		E4DA9D6F1F2CF5E3002C61A8 /* ISteamGameServer009.h */ = {isa = PBXFileReference; lastKnownFileType = sourcecode.c.h; path = ISteamGameServer009.h; sourceTree = "<group>"; };
		E4DA9D701F2CF5E3002C61A8 /* SteamTypes.h */ = {isa = PBXFileReference; lastKnownFileType = sourcecode.c.h; path = SteamTypes.h; sourceTree = "<group>"; };
		E4DA9D711F2CF5E3002C61A8 /* ISteamFriends015.h */ = {isa = PBXFileReference; lastKnownFileType = sourcecode.c.h; path = ISteamFriends015.h; sourceTree = "<group>"; };
		E4DA9D721F2CF5E3002C61A8 /* EResult.h */ = {isa = PBXFileReference; lastKnownFileType = sourcecode.c.h; path = EResult.h; sourceTree = "<group>"; };
		E4DA9D731F2CF5E3002C61A8 /* ISteamRemoteStorage012.h */ = {isa = PBXFileReference; lastKnownFileType = sourcecode.c.h; path = ISteamRemoteStorage012.h; sourceTree = "<group>"; };
		E4DA9D741F2CF5E3002C61A8 /* ISteamClient008.h */ = {isa = PBXFileReference; lastKnownFileType = sourcecode.c.h; path = ISteamClient008.h; sourceTree = "<group>"; };
		E4DA9D751F2CF5E3002C61A8 /* ISteamUtils005.h */ = {isa = PBXFileReference; lastKnownFileType = sourcecode.c.h; path = ISteamUtils005.h; sourceTree = "<group>"; };
		E4DA9D761F2CF5E3002C61A8 /* ISteamUser012.h */ = {isa = PBXFileReference; lastKnownFileType = sourcecode.c.h; path = ISteamUser012.h; sourceTree = "<group>"; };
		E4DA9D771F2CF5E3002C61A8 /* ESteamNotify.h */ = {isa = PBXFileReference; lastKnownFileType = sourcecode.c.h; path = ESteamNotify.h; sourceTree = "<group>"; };
		E4DA9D781F2CF5E3002C61A8 /* RemoteStorageCommon.h */ = {isa = PBXFileReference; lastKnownFileType = sourcecode.c.h; path = RemoteStorageCommon.h; sourceTree = "<group>"; };
		E4DA9D791F2CF5E3002C61A8 /* FriendsCommon.h */ = {isa = PBXFileReference; lastKnownFileType = sourcecode.c.h; path = FriendsCommon.h; sourceTree = "<group>"; };
		E4DA9D7A1F2CF5E3002C61A8 /* ISteamMatchmaking007.h */ = {isa = PBXFileReference; lastKnownFileType = sourcecode.c.h; path = ISteamMatchmaking007.h; sourceTree = "<group>"; };
		E4DA9D7B1F2CF5E3002C61A8 /* UserCommon.h */ = {isa = PBXFileReference; lastKnownFileType = sourcecode.c.h; path = UserCommon.h; sourceTree = "<group>"; };
		E4DA9D7C1F2CF5E3002C61A8 /* ISteamNetworking005.h */ = {isa = PBXFileReference; lastKnownFileType = sourcecode.c.h; path = ISteamNetworking005.h; sourceTree = "<group>"; };
		E4DA9D7D1F2CF5E3002C61A8 /* GameServerCommon.h */ = {isa = PBXFileReference; lastKnownFileType = sourcecode.c.h; path = GameServerCommon.h; sourceTree = "<group>"; };
		E4DA9D7E1F2CF5E3002C61A8 /* CCallback.h */ = {isa = PBXFileReference; lastKnownFileType = sourcecode.c.h; path = CCallback.h; sourceTree = "<group>"; };
		E4DA9D7F1F2CF5E3002C61A8 /* ESteamError.h */ = {isa = PBXFileReference; lastKnownFileType = sourcecode.c.h; path = ESteamError.h; sourceTree = "<group>"; };
		E4DA9D801F2CF5E3002C61A8 /* CGameID.h */ = {isa = PBXFileReference; lastKnownFileType = sourcecode.c.h; path = CGameID.h; sourceTree = "<group>"; };
		E4DA9D811F2CF5E3002C61A8 /* ISteamApps007.h */ = {isa = PBXFileReference; lastKnownFileType = sourcecode.c.h; path = ISteamApps007.h; sourceTree = "<group>"; };
		E4DA9D821F2CF60F002C61A8 /* MatchMakingKeyValuePair.h */ = {isa = PBXFileReference; lastKnownFileType = sourcecode.c.h; path = MatchMakingKeyValuePair.h; sourceTree = "<group>"; };
		E4DA9D831F2E434E002C61A8 /* ECurrencyCode.h */ = {isa = PBXFileReference; lastKnownFileType = sourcecode.c.h; path = ECurrencyCode.h; sourceTree = "<group>"; };
		E4DA9D841F2E434E002C61A8 /* EVoiceResult.h */ = {isa = PBXFileReference; lastKnownFileType = sourcecode.c.h; path = EVoiceResult.h; sourceTree = "<group>"; };
		E4DA9D851F2E4388002C61A8 /* UtilsCommon.h */ = {isa = PBXFileReference; lastKnownFileType = sourcecode.c.h; path = UtilsCommon.h; sourceTree = "<group>"; };
		E4DA9D861F2E43B5002C61A8 /* AppsCommon.h */ = {isa = PBXFileReference; lastKnownFileType = sourcecode.c.h; path = AppsCommon.h; sourceTree = "<group>"; };
		E4DA9D871F2E43E6002C61A8 /* NetworkingCommon.h */ = {isa = PBXFileReference; lastKnownFileType = sourcecode.c.h; path = NetworkingCommon.h; sourceTree = "<group>"; };
		E4DA9D881F2E4548002C61A8 /* MatchmakingCommon.h */ = {isa = PBXFileReference; lastKnownFileType = sourcecode.c.h; path = MatchmakingCommon.h; sourceTree = "<group>"; };
		E4DA9D891F2E45B9002C61A8 /* FriendGameInfo.h */ = {isa = PBXFileReference; lastKnownFileType = sourcecode.c.h; path = FriendGameInfo.h; sourceTree = "<group>"; };
		E4FB698A1EFC5986006CE588 /* MainInc.h */ = {isa = PBXFileReference; lastKnownFileType = sourcecode.c.h; path = MainInc.h; sourceTree = "<group>"; };
		E4FB69941EFC5E19006CE588 /* SteamUser.cpp */ = {isa = PBXFileReference; lastKnownFileType = sourcecode.cpp.cpp; path = SteamUser.cpp; sourceTree = "<group>"; };
/* End PBXFileReference section */

/* Begin PBXFrameworksBuildPhase section */
		E41751ED1EDE2752004448F5 /* Frameworks */ = {
			isa = PBXFrameworksBuildPhase;
			buildActionMask = 2147483647;
			files = (
			);
			runOnlyForDeploymentPostprocessing = 0;
		};
/* End PBXFrameworksBuildPhase section */

/* Begin PBXGroup section */
		E414EF321F0302A200320C68 /* Misc */ = {
			isa = PBXGroup;
			children = (
				E414EF331F0302B800320C68 /* rd_route.c */,
				E414EF351F0302D900320C68 /* rd_route.h */,
				E414EF391F030FD700320C68 /* Utils.cpp */,
				E414EF3B1F030FE500320C68 /* Utils.h */,
			);
			path = Misc;
			sourceTree = "<group>";
		};
		E41751E71EDE2752004448F5 = {
			isa = PBXGroup;
			children = (
				E41751F21EDE2752004448F5 /* steam_api */,
				E41751F11EDE2752004448F5 /* Products */,
			);
			sourceTree = "<group>";
		};
		E41751F11EDE2752004448F5 /* Products */ = {
			isa = PBXGroup;
			children = (
				E41751F01EDE2752004448F5 /* libsteam_api.dylib */,
			);
			name = Products;
			sourceTree = "<group>";
		};
		E41751F21EDE2752004448F5 /* steam_api */ = {
			isa = PBXGroup;
			children = (
				E414EF321F0302A200320C68 /* Misc */,
				E4FB69891EFC5921006CE588 /* Mod */,
				E4FB69881EFC5919006CE588 /* Steam */,
				E41751F71EDE2752004448F5 /* steam_api.cpp */,
				E4FB698A1EFC5986006CE588 /* MainInc.h */,
				E414EF1B1F00243500320C68 /* SteamAPIInterfaces */,
			);
			path = steam_api;
			sourceTree = "<group>";
		};
		E4FB69881EFC5919006CE588 /* Steam */ = {
			isa = PBXGroup;
			children = (
				E4FB699F1EFCB8FA006CE588 /* osw */,
				E4FB69941EFC5E19006CE588 /* SteamUser.cpp */,
				E472F2F01EFCBF2F00AE6E42 /* SteamUser.h */,
				E472F2F21EFCD26D00AE6E42 /* SteamUtils.cpp */,
				E472F2F41EFCD27C00AE6E42 /* SteamUtils.h */,
				E472F2FC1EFD6B0F00AE6E42 /* SteamApps.cpp */,
				E472F2FA1EFD6AFC00AE6E42 /* SteamApps.h */,
				E414EF111EFED24C00320C68 /* SteamRemoteStorage.cpp */,
				E414EF131EFED25E00320C68 /* SteamRemoteStorage.h */,
				E414EF171EFEF62C00320C68 /* SteamCallback.cpp */,
				E414EF151EFEF61700320C68 /* SteamCallback.h */,
				E414EF201F00268000320C68 /* SteamNetworking.cpp */,
				E414EF1E1F00266F00320C68 /* SteamNetworking.h */,
				E414EF241F002ECB00320C68 /* SteamFriends.cpp */,
				E414EF261F002EDE00320C68 /* SteamFriends.h */,
				E414EF2A1F003F6300320C68 /* SteamMatchmaking.cpp */,
				E414EF2C1F003F7400320C68 /* SteamMatchmaking.h */,
				E414EF2E1F02C04D00320C68 /* SteamGameServer.cpp */,
				E414EF301F02C06000320C68 /* SteamGameServer.h */,
			);
			path = Steam;
			sourceTree = "<group>";
		};
		E4FB69891EFC5921006CE588 /* Mod */ = {
			isa = PBXGroup;
			children = (
				E414EF371F03031200320C68 /* MW2Main.cpp */,
			);
			path = Mod;
			sourceTree = "<group>";
		};
		E4FB699F1EFCB8FA006CE588 /* osw */ = {
			isa = PBXGroup;
			children = (
				E4DA9D891F2E45B9002C61A8 /* FriendGameInfo.h */,
				E4DA9D881F2E4548002C61A8 /* MatchmakingCommon.h */,
				E4DA9D871F2E43E6002C61A8 /* NetworkingCommon.h */,
				E4DA9D861F2E43B5002C61A8 /* AppsCommon.h */,
				E4DA9D851F2E4388002C61A8 /* UtilsCommon.h */,
				E4DA9D831F2E434E002C61A8 /* ECurrencyCode.h */,
				E4DA9D841F2E434E002C61A8 /* EVoiceResult.h */,
				E4DA9D821F2CF60F002C61A8 /* MatchMakingKeyValuePair.h */,
				E4DA9D7E1F2CF5E3002C61A8 /* CCallback.h */,
				E4DA9D801F2CF5E3002C61A8 /* CGameID.h */,
				E4DA9D6C1F2CF5E3002C61A8 /* CSteamID.h */,
				E4DA9D721F2CF5E3002C61A8 /* EResult.h */,
				E4DA9D7F1F2CF5E3002C61A8 /* ESteamError.h */,
				E4DA9D771F2CF5E3002C61A8 /* ESteamNotify.h */,
				E4DA9D791F2CF5E3002C61A8 /* FriendsCommon.h */,
				E4DA9D7D1F2CF5E3002C61A8 /* GameServerCommon.h */,
				E4DA9D811F2CF5E3002C61A8 /* ISteamApps007.h */,
				E4DA9D741F2CF5E3002C61A8 /* ISteamClient008.h */,
				E4DA9D6E1F2CF5E3002C61A8 /* ISteamContentServer002.h */,
				E4DA9D711F2CF5E3002C61A8 /* ISteamFriends015.h */,
				E4DA9D6F1F2CF5E3002C61A8 /* ISteamGameServer009.h */,
				E4DA9D7A1F2CF5E3002C61A8 /* ISteamMatchmaking007.h */,
				E4DA9D7C1F2CF5E3002C61A8 /* ISteamNetworking005.h */,
				E4DA9D731F2CF5E3002C61A8 /* ISteamRemoteStorage012.h */,
				E4DA9D761F2CF5E3002C61A8 /* ISteamUser012.h */,
				E4DA9D6D1F2CF5E3002C61A8 /* ISteamUserStats005.h */,
				E4DA9D751F2CF5E3002C61A8 /* ISteamUtils005.h */,
				E4DA9D781F2CF5E3002C61A8 /* RemoteStorageCommon.h */,
				E4DA9D701F2CF5E3002C61A8 /* SteamTypes.h */,
				E4DA9D7B1F2CF5E3002C61A8 /* UserCommon.h */,
			);
			path = osw;
			sourceTree = "<group>";
		};
/* End PBXGroup section */

/* Begin PBXHeadersBuildPhase section */
		E41751EE1EDE2752004448F5 /* Headers */ = {
			isa = PBXHeadersBuildPhase;
			buildActionMask = 2147483647;
			files = (
				E414EF3C1F030FE500320C68 /* Utils.h in Headers */,
				E4FB698D1EFC5CB2006CE588 /* MainInc.h in Headers */,
				E414EF141EFED25E00320C68 /* SteamRemoteStorage.h in Headers */,
				E414EF161EFEF61700320C68 /* SteamCallback.h in Headers */,
				E472F2F51EFCD27C00AE6E42 /* SteamUtils.h in Headers */,
				E472F2F11EFCBF2F00AE6E42 /* SteamUser.h in Headers */,
				E414EF1F1F00266F00320C68 /* SteamNetworking.h in Headers */,
				E414EF311F02C06000320C68 /* SteamGameServer.h in Headers */,
				E414EF361F0302D900320C68 /* rd_route.h in Headers */,
				E414EF2D1F003F7400320C68 /* SteamMatchmaking.h in Headers */,
				E472F2FB1EFD6AFC00AE6E42 /* SteamApps.h in Headers */,
				E414EF271F002EDE00320C68 /* SteamFriends.h in Headers */,
			);
			runOnlyForDeploymentPostprocessing = 0;
		};
/* End PBXHeadersBuildPhase section */

/* Begin PBXNativeTarget section */
		E41751EF1EDE2752004448F5 /* steam_api */ = {
			isa = PBXNativeTarget;
			buildConfigurationList = E41751FB1EDE2752004448F5 /* Build configuration list for PBXNativeTarget "steam_api" */;
			buildPhases = (
				E41751EC1EDE2752004448F5 /* Sources */,
				E41751ED1EDE2752004448F5 /* Frameworks */,
				E41751EE1EDE2752004448F5 /* Headers */,
			);
			buildRules = (
			);
			dependencies = (
			);
			name = steam_api;
			productName = steam_api;
			productReference = E41751F01EDE2752004448F5 /* libsteam_api.dylib */;
			productType = "com.apple.product-type.library.dynamic";
		};
/* End PBXNativeTarget section */

/* Begin PBXProject section */
		E41751E81EDE2752004448F5 /* Project object */ = {
			isa = PBXProject;
			attributes = {
				LastUpgradeCheck = 0830;
				ORGANIZATIONNAME = "Jason Wolfe";
				TargetAttributes = {
					E41751EF1EDE2752004448F5 = {
						CreatedOnToolsVersion = 8.3.2;
						DevelopmentTeam = 8AH9VXCY5T;
						ProvisioningStyle = Automatic;
					};
				};
			};
			buildConfigurationList = E41751EB1EDE2752004448F5 /* Build configuration list for PBXProject "steam_api" */;
			compatibilityVersion = "Xcode 3.2";
			developmentRegion = English;
			hasScannedForEncodings = 0;
			knownRegions = (
				en,
			);
			mainGroup = E41751E71EDE2752004448F5;
			productRefGroup = E41751F11EDE2752004448F5 /* Products */;
			projectDirPath = "";
			projectRoot = "";
			targets = (
				E41751EF1EDE2752004448F5 /* steam_api */,
			);
		};
/* End PBXProject section */

/* Begin PBXSourcesBuildPhase section */
		E41751EC1EDE2752004448F5 /* Sources */ = {
			isa = PBXSourcesBuildPhase;
			buildActionMask = 2147483647;
			files = (
				E472F2FD1EFD6B0F00AE6E42 /* SteamApps.cpp in Sources */,
				E414EF181EFEF62C00320C68 /* SteamCallback.cpp in Sources */,
				E414EF121EFED24C00320C68 /* SteamRemoteStorage.cpp in Sources */,
				E414EF381F03031200320C68 /* MW2Main.cpp in Sources */,
				E414EF2F1F02C04D00320C68 /* SteamGameServer.cpp in Sources */,
				E414EF211F00268000320C68 /* SteamNetworking.cpp in Sources */,
				E472F2F31EFCD26D00AE6E42 /* SteamUtils.cpp in Sources */,
				E414EF2B1F003F6300320C68 /* SteamMatchmaking.cpp in Sources */,
				E41751F81EDE2752004448F5 /* steam_api.cpp in Sources */,
				E414EF3A1F030FD700320C68 /* Utils.cpp in Sources */,
				E414EF251F002ECB00320C68 /* SteamFriends.cpp in Sources */,
				E414EF341F0302B800320C68 /* rd_route.c in Sources */,
				E4FB69961EFC5E19006CE588 /* SteamUser.cpp in Sources */,
			);
			runOnlyForDeploymentPostprocessing = 0;
		};
/* End PBXSourcesBuildPhase section */

/* Begin XCBuildConfiguration section */
		E41751F91EDE2752004448F5 /* Debug */ = {
			isa = XCBuildConfiguration;
			buildSettings = {
				ALWAYS_SEARCH_USER_PATHS = NO;
				ARCHS = "$(ARCHS_STANDARD_32_BIT)";
				CLANG_ANALYZER_NONNULL = YES;
				CLANG_ANALYZER_NUMBER_OBJECT_CONVERSION = YES_AGGRESSIVE;
				CLANG_CXX_LANGUAGE_STANDARD = "gnu++0x";
				CLANG_CXX_LIBRARY = "libc++";
				CLANG_ENABLE_MODULES = YES;
				CLANG_ENABLE_OBJC_ARC = YES;
				CLANG_WARN_BOOL_CONVERSION = YES;
				CLANG_WARN_CONSTANT_CONVERSION = YES;
				CLANG_WARN_DIRECT_OBJC_ISA_USAGE = YES_ERROR;
				CLANG_WARN_DOCUMENTATION_COMMENTS = YES;
				CLANG_WARN_EMPTY_BODY = YES;
				CLANG_WARN_ENUM_CONVERSION = YES;
				CLANG_WARN_INFINITE_RECURSION = YES;
				CLANG_WARN_INT_CONVERSION = YES;
				CLANG_WARN_OBJC_ROOT_CLASS = YES_ERROR;
				CLANG_WARN_SUSPICIOUS_MOVE = YES;
				CLANG_WARN_UNREACHABLE_CODE = YES;
				CLANG_WARN__DUPLICATE_METHOD_MATCH = YES;
				CODE_SIGN_IDENTITY = "-";
				COPY_PHASE_STRIP = NO;
				DEBUG_INFORMATION_FORMAT = dwarf;
				ENABLE_STRICT_OBJC_MSGSEND = YES;
				ENABLE_TESTABILITY = YES;
				GCC_C_LANGUAGE_STANDARD = gnu99;
				GCC_DYNAMIC_NO_PIC = NO;
				GCC_NO_COMMON_BLOCKS = YES;
				GCC_OPTIMIZATION_LEVEL = 0;
				GCC_PREPROCESSOR_DEFINITIONS = (
					"DEBUG=1",
					"$(inherited)",
				);
				GCC_WARN_64_TO_32_BIT_CONVERSION = YES;
				GCC_WARN_ABOUT_RETURN_TYPE = YES_ERROR;
				GCC_WARN_UNDECLARED_SELECTOR = YES;
				GCC_WARN_UNINITIALIZED_AUTOS = YES_AGGRESSIVE;
				GCC_WARN_UNUSED_FUNCTION = YES;
				GCC_WARN_UNUSED_VARIABLE = YES;
				MACOSX_DEPLOYMENT_TARGET = 10.12;
				MTL_ENABLE_DEBUG_INFO = YES;
				ONLY_ACTIVE_ARCH = NO;
				SDKROOT = macosx;
			};
			name = Debug;
		};
		E41751FA1EDE2752004448F5 /* Release */ = {
			isa = XCBuildConfiguration;
			buildSettings = {
				ALWAYS_SEARCH_USER_PATHS = NO;
				ARCHS = "$(ARCHS_STANDARD_32_BIT)";
				CLANG_ANALYZER_NONNULL = YES;
				CLANG_ANALYZER_NUMBER_OBJECT_CONVERSION = YES_AGGRESSIVE;
				CLANG_CXX_LANGUAGE_STANDARD = "gnu++0x";
				CLANG_CXX_LIBRARY = "libc++";
				CLANG_ENABLE_MODULES = YES;
				CLANG_ENABLE_OBJC_ARC = YES;
				CLANG_WARN_BOOL_CONVERSION = YES;
				CLANG_WARN_CONSTANT_CONVERSION = YES;
				CLANG_WARN_DIRECT_OBJC_ISA_USAGE = YES_ERROR;
				CLANG_WARN_DOCUMENTATION_COMMENTS = YES;
				CLANG_WARN_EMPTY_BODY = YES;
				CLANG_WARN_ENUM_CONVERSION = YES;
				CLANG_WARN_INFINITE_RECURSION = YES;
				CLANG_WARN_INT_CONVERSION = YES;
				CLANG_WARN_OBJC_ROOT_CLASS = YES_ERROR;
				CLANG_WARN_SUSPICIOUS_MOVE = YES;
				CLANG_WARN_UNREACHABLE_CODE = YES;
				CLANG_WARN__DUPLICATE_METHOD_MATCH = YES;
				CODE_SIGN_IDENTITY = "-";
				COPY_PHASE_STRIP = NO;
				DEBUG_INFORMATION_FORMAT = "dwarf-with-dsym";
				ENABLE_NS_ASSERTIONS = NO;
				ENABLE_STRICT_OBJC_MSGSEND = YES;
				GCC_C_LANGUAGE_STANDARD = gnu99;
				GCC_NO_COMMON_BLOCKS = YES;
				GCC_WARN_64_TO_32_BIT_CONVERSION = YES;
				GCC_WARN_ABOUT_RETURN_TYPE = YES_ERROR;
				GCC_WARN_UNDECLARED_SELECTOR = YES;
				GCC_WARN_UNINITIALIZED_AUTOS = YES_AGGRESSIVE;
				GCC_WARN_UNUSED_FUNCTION = YES;
				GCC_WARN_UNUSED_VARIABLE = YES;
				MACOSX_DEPLOYMENT_TARGET = 10.12;
				MTL_ENABLE_DEBUG_INFO = NO;
				SDKROOT = macosx;
			};
			name = Release;
		};
		E41751FC1EDE2752004448F5 /* Debug */ = {
			isa = XCBuildConfiguration;
			buildSettings = {
				ARCHS = "$(ARCHS_STANDARD_32_64_BIT)";
				DEVELOPMENT_TEAM = 8AH9VXCY5T;
				DYLIB_COMPATIBILITY_VERSION = 1;
				DYLIB_CURRENT_VERSION = 1;
				EXECUTABLE_PREFIX = lib;
				GCC_ENABLE_CPP_EXCEPTIONS = YES;
				GCC_ENABLE_CPP_RTTI = YES;
				GCC_SYMBOLS_PRIVATE_EXTERN = YES;
				KEEP_PRIVATE_EXTERNS = NO;
				LINKER_DISPLAYS_MANGLED_NAMES = NO;
				ONLY_ACTIVE_ARCH = NO;
				PRODUCT_NAME = "$(TARGET_NAME)";
				SEPARATE_SYMBOL_EDIT = YES;
			};
			name = Debug;
		};
		E41751FD1EDE2752004448F5 /* Release */ = {
			isa = XCBuildConfiguration;
			buildSettings = {
				ARCHS = "$(ARCHS_STANDARD_32_64_BIT)";
				DEVELOPMENT_TEAM = 8AH9VXCY5T;
				DYLIB_COMPATIBILITY_VERSION = 1;
				DYLIB_CURRENT_VERSION = 1;
				EXECUTABLE_PREFIX = lib;
				GCC_ENABLE_CPP_EXCEPTIONS = YES;
				GCC_ENABLE_CPP_RTTI = YES;
				GCC_SYMBOLS_PRIVATE_EXTERN = YES;
				KEEP_PRIVATE_EXTERNS = NO;
				LINKER_DISPLAYS_MANGLED_NAMES = NO;
				PRODUCT_NAME = "$(TARGET_NAME)";
				SEPARATE_SYMBOL_EDIT = YES;
			};
			name = Release;
		};
/* End XCBuildConfiguration section */

/* Begin XCConfigurationList section */
		E41751EB1EDE2752004448F5 /* Build configuration list for PBXProject "steam_api" */ = {
			isa = XCConfigurationList;
			buildConfigurations = (
				E41751F91EDE2752004448F5 /* Debug */,
				E41751FA1EDE2752004448F5 /* Release */,
			);
			defaultConfigurationIsVisible = 0;
			defaultConfigurationName = Release;
		};
		E41751FB1EDE2752004448F5 /* Build configuration list for PBXNativeTarget "steam_api" */ = {
			isa = XCConfigurationList;
			buildConfigurations = (
				E41751FC1EDE2752004448F5 /* Debug */,
				E41751FD1EDE2752004448F5 /* Release */,
			);
			defaultConfigurationIsVisible = 0;
			defaultConfigurationName = Release;
		};
/* End XCConfigurationList section */
	};
	rootObject = E41751E81EDE2752004448F5 /* Project object */;
}
